
Microsoft Visual Studio Solution File, Format Version 12.00
# Visual Studio 2012
Project("{FAE04EC0-301F-11D3-BF4B-00C04F79EFBC}") = "webapi", "webapi\webapi.csproj", "{FF38D9C6-ACF9-45A4-A8F2-08C60FC260EC}"
EndProject
Project("{FAE04EC0-301F-11D3-BF4B-00C04F79EFBC}") = "DAL", "DAL\DAL.csproj", "{4FFAA21C-9358-467D-B136-443254DD7061}"
EndProject
Global
	GlobalSection(SolutionConfigurationPlatforms) = preSolution
		Debug|Any CPU = Debug|Any CPU
		Release|Any CPU = Release|Any CPU
	EndGlobalSection
	GlobalSection(ProjectConfigurationPlatforms) = postSolution
		{FF38D9C6-ACF9-45A4-A8F2-08C60FC260EC}.Debug|Any CPU.ActiveCfg = Debug|Any CPU
		{FF38D9C6-ACF9-45A4-A8F2-08C60FC260EC}.Debug|Any CPU.Build.0 = Debug|Any CPU
		{FF38D9C6-ACF9-45A4-A8F2-08C60FC260EC}.Release|Any CPU.ActiveCfg = Release|Any CPU
		{FF38D9C6-ACF9-45A4-A8F2-08C60FC260EC}.Release|Any CPU.Build.0 = Release|Any CPU
		{4FFAA21C-9358-467D-B136-443254DD7061}.Debug|Any CPU.ActiveCfg = Debug|Any CPU
		{4FFAA21C-9358-467D-B136-443254DD7061}.Debug|Any CPU.Build.0 = Debug|Any CPU
		{4FFAA21C-9358-467D-B136-443254DD7061}.Release|Any CPU.ActiveCfg = Release|Any CPU
		{4FFAA21C-9358-467D-B136-443254DD7061}.Release|Any CPU.Build.0 = Release|Any CPU
	EndGlobalSection
	GlobalSection(SolutionProperties) = preSolution
		HideSolutionNode = FALSE
	EndGlobalSection
EndGlobal
